
Microsoft Visual Studio Solution File, Format Version 12.00
# Visual Studio 15
VisualStudioVersion = 15.0.27428.2037
MinimumVisualStudioVersion = 10.0.40219.1
Project("{FAE04EC0-301F-11D3-BF4B-00C04F79EFBC}") = "SquirrelPublisher", "SquirrelPublisher\SquirrelPublisher.csproj", "{464F1627-3CFC-4295-B543-1F45D2661B63}"
EndProject
Global
	GlobalSection(SolutionConfigurationPlatforms) = preSolution
		Debug|Any CPU = Debug|Any CPU
		Release|Any CPU = Release|Any CPU
	EndGlobalSection
	GlobalSection(ProjectConfigurationPlatforms) = postSolution
		{464F1627-3CFC-4295-B543-1F45D2661B63}.Debug|Any CPU.ActiveCfg = Debug|Any CPU
		{464F1627-3CFC-4295-B543-1F45D2661B63}.Debug|Any CPU.Build.0 = Debug|Any CPU
		{464F1627-3CFC-4295-B543-1F45D2661B63}.Release|Any CPU.ActiveCfg = Release|Any CPU
		{464F1627-3CFC-4295-B543-1F45D2661B63}.Release|Any CPU.Build.0 = Release|Any CPU
	EndGlobalSection
	GlobalSection(SolutionProperties) = preSolution
		HideSolutionNode = FALSE
	EndGlobalSection
	GlobalSection(ExtensibilityGlobals) = postSolution
		SolutionGuid = {BC6F91C3-08B1-4782-833C-76D5955EC26B}
	EndGlobalSection
EndGlobal
